
Microsoft Visual Studio Solution File, Format Version 12.00
# Visual Studio 15
VisualStudioVersion = 15.0.26730.8
MinimumVisualStudioVersion = 10.0.40219.1
Project("{FAE04EC0-301F-11D3-BF4B-00C04F79EFBC}") = "Pong", "Pong\Pong.csproj", "{02E68947-B5B9-4099-8AAC-0455FD26B10F}"
EndProject
Project("{FAE04EC0-301F-11D3-BF4B-00C04F79EFBC}") = "Stage1", "Stage1\Stage1.csproj", "{511529D0-0CCD-4823-B590-1321F53169A5}"
EndProject
Project("{FAE04EC0-301F-11D3-BF4B-00C04F79EFBC}") = "Stage2", "Stage2\Stage2.csproj", "{AB6E9773-1195-4E06-BBB4-63996A0587F0}"
EndProject
Global
	GlobalSection(SolutionConfigurationPlatforms) = preSolution
		Debug|Any CPU = Debug|Any CPU
		Release|Any CPU = Release|Any CPU
	EndGlobalSection
	GlobalSection(ProjectConfigurationPlatforms) = postSolution
		{02E68947-B5B9-4099-8AAC-0455FD26B10F}.Debug|Any CPU.ActiveCfg = Debug|Any CPU
		{02E68947-B5B9-4099-8AAC-0455FD26B10F}.Debug|Any CPU.Build.0 = Debug|Any CPU
		{02E68947-B5B9-4099-8AAC-0455FD26B10F}.Release|Any CPU.ActiveCfg = Release|Any CPU
		{02E68947-B5B9-4099-8AAC-0455FD26B10F}.Release|Any CPU.Build.0 = Release|Any CPU
		{511529D0-0CCD-4823-B590-1321F53169A5}.Debug|Any CPU.ActiveCfg = Debug|Any CPU
		{511529D0-0CCD-4823-B590-1321F53169A5}.Debug|Any CPU.Build.0 = Debug|Any CPU
		{511529D0-0CCD-4823-B590-1321F53169A5}.Release|Any CPU.ActiveCfg = Release|Any CPU
		{511529D0-0CCD-4823-B590-1321F53169A5}.Release|Any CPU.Build.0 = Release|Any CPU
		{AB6E9773-1195-4E06-BBB4-63996A0587F0}.Debug|Any CPU.ActiveCfg = Debug|Any CPU
		{AB6E9773-1195-4E06-BBB4-63996A0587F0}.Debug|Any CPU.Build.0 = Debug|Any CPU
		{AB6E9773-1195-4E06-BBB4-63996A0587F0}.Release|Any CPU.ActiveCfg = Release|Any CPU
		{AB6E9773-1195-4E06-BBB4-63996A0587F0}.Release|Any CPU.Build.0 = Release|Any CPU
	EndGlobalSection
	GlobalSection(SolutionProperties) = preSolution
		HideSolutionNode = FALSE
	EndGlobalSection
	GlobalSection(ExtensibilityGlobals) = postSolution
		SolutionGuid = {6E15497D-3E1E-4569-9635-71770F83F861}
	EndGlobalSection
EndGlobal
